<?xml version="1.0" encoding="utf-8"?>
<Project ToolsVersion="4.0" xmlns="http://schemas.microsoft.com/developer/msbuild/2003">
  <ItemGroup>
    <ClCompile Include="System\Keyboard.cpp">
      <Filter>System</Filter>
    </ClCompile>
    <ClCompile Include="System\Mouse.cpp">
      <Filter>System</Filter>
    </ClCompile>
    <ClCompile Include="System\Window.cpp">
      <Filter>System</Filter>
    </ClCompile>
    <ClCompile Include="System\D3D.cpp">
      <Filter>System</Filter>
    </ClCompile>
    <ClCompile Include="WinMain.cpp" />
    <ClCompile Include="Camera\Camera.cpp">
      <Filter>Camera</Filter>
    </ClCompile>
    <ClCompile Include="System\Frames.cpp">
      <Filter>System</Filter>
    </ClCompile>
    <ClCompile Include="System\TweakBar.cpp">
      <Filter>System</Filter>
    </ClCompile>
    <ClCompile Include="Render\Texture.cpp">
      <Filter>Render</Filter>
    </ClCompile>
    <ClCompile Include="Render\VertexLayout.cpp">
      <Filter>Render</Filter>
    </ClCompile>
    <ClCompile Include="Render\UserInterface.cpp">
      <Filter>Render</Filter>
    </ClCompile>
    <ClCompile Include="Shader\Shader.cpp">
      <Filter>Shader</Filter>
    </ClCompile>
    <ClCompile Include="Render\Rasterizer.cpp">
      <Filter>Render</Filter>
    </ClCompile>
    <ClCompile Include="Render\Sampler.cpp">
      <Filter>Render</Filter>
    </ClCompile>
    <ClCompile Include="Mesh\Mesh.cpp">
      <Filter>Mesh</Filter>
    </ClCompile>
    <ClCompile Include="Mesh\ObjectMesh.cpp">
      <Filter>Mesh</Filter>
    </ClCompile>
    <ClCompile Include="Render\RenderTexture.cpp">
      <Filter>Render</Filter>
    </ClCompile>
    <ClCompile Include="ProceduralTexture\MosaicTile.cpp">
      <Filter>ProceduralTexture</Filter>
    </ClCompile>
    <ClCompile Include="Render\LightManager.cpp">
      <Filter>Render</Filter>
    </ClCompile>
    <ClCompile Include="Object\TestCube.cpp">
      <Filter>Object</Filter>
    </ClCompile>
    <ClCompile Include="Object\TestPlane.cpp">
      <Filter>Object</Filter>
    </ClCompile>
    <ClCompile Include="Object\Mirror.cpp">
      <Filter>Object</Filter>
    </ClCompile>
    <ClCompile Include="Object\OrthoWindowPlane.cpp">
      <Filter>Object</Filter>
    </ClCompile>
    <ClCompile Include="Terrain\Water.cpp">
      <Filter>Terrain</Filter>
    </ClCompile>
    <ClCompile Include="Terrain\Landscape.cpp">
      <Filter>Terrain</Filter>
    </ClCompile>
    <ClCompile Include="Terrain\QuadTree.cpp">
      <Filter>Terrain</Filter>
    </ClCompile>
    <ClCompile Include="Terrain\Skydome.cpp">
      <Filter>Terrain</Filter>
    </ClCompile>
    <ClCompile Include="Terrain\Skyplane.cpp">
      <Filter>Terrain</Filter>
    </ClCompile>
    <ClCompile Include="Terrain\TerrainGrass.cpp">
      <Filter>Terrain</Filter>
    </ClCompile>
    <ClCompile Include="ProceduralTexture\GrassTexture.cpp">
      <Filter>ProceduralTexture</Filter>
    </ClCompile>
    <ClCompile Include="ProceduralTexture\PerlinNoise.cpp">
      <Filter>ProceduralTexture</Filter>
    </ClCompile>
    <ClCompile Include="Terrain\Cloud.cpp">
      <Filter>Terrain</Filter>
    </ClCompile>
    <ClCompile Include="Terrain\RainCone.cpp">
      <Filter>Terrain</Filter>
    </ClCompile>
    <ClCompile Include="Model\Model.cpp">
      <Filter>Model</Filter>
    </ClCompile>
    <ClCompile Include="Model\ModelAnimation.cpp">
      <Filter>Model</Filter>
    </ClCompile>
    <ClCompile Include="Model\ModelAnimationController.cpp">
      <Filter>Model</Filter>
    </ClCompile>
    <ClCompile Include="Model\ModelAnimationKeyFrames.cpp">
      <Filter>Model</Filter>
    </ClCompile>
    <ClCompile Include="Model\ModelBoneWeights.cpp">
      <Filter>Model</Filter>
    </ClCompile>
    <ClCompile Include="Model\ModelMaterial.cpp">
      <Filter>Model</Filter>
    </ClCompile>
    <ClCompile Include="Model\ModelPart.cpp">
      <Filter>Model</Filter>
    </ClCompile>
    <ClCompile Include="Model\ModelScene.cpp">
      <Filter>Model</Filter>
    </ClCompile>
    <ClCompile Include="Model\ModelSkeleton.cpp">
      <Filter>Model</Filter>
    </ClCompile>
    <ClCompile Include="Model\ModelSkeletonBone.cpp">
      <Filter>Model</Filter>
    </ClCompile>
    <ClCompile Include="Utility\BinaryFile.cpp">
      <Filter>Utility</Filter>
    </ClCompile>
    <ClCompile Include="Utility\String.cpp">
      <Filter>Utility</Filter>
    </ClCompile>
    <ClCompile Include="Object\Character.cpp">
      <Filter>Object</Filter>
    </ClCompile>
    <ClCompile Include="Render\Frustum.cpp">
      <Filter>Render</Filter>
    </ClCompile>
    <ClCompile Include="Shader\TerrainShader.cpp">
      <Filter>Shader\ShaderRenewal</Filter>
    </ClCompile>
    <ClCompile Include="Shader\WaterShader.cpp">
      <Filter>Shader\ShaderRenewal</Filter>
    </ClCompile>
    <ClCompile Include="Shader\FBXModelShader.cpp">
      <Filter>Shader\ShaderRenewal</Filter>
    </ClCompile>
    <ClCompile Include="Shader\BlurShader.cpp">
      <Filter>Shader\ShaderRenewal</Filter>
    </ClCompile>
    <ClCompile Include="Shader\ColorShader.cpp">
      <Filter>Shader\ShaderRenewal</Filter>
    </ClCompile>
    <ClCompile Include="Shader\GrassShader.cpp">
      <Filter>Shader\ShaderRenewal</Filter>
    </ClCompile>
    <ClCompile Include="Shader\DepthShadowShader.cpp">
      <Filter>Shader\ShaderRenewal</Filter>
    </ClCompile>
    <ClCompile Include="Shader\NormalMapShader.cpp">
      <Filter>Shader\ShaderRenewal</Filter>
    </ClCompile>
    <ClCompile Include="Shader\ShadowShader.cpp">
      <Filter>Shader\ShaderRenewal</Filter>
    </ClCompile>
    <ClCompile Include="Shader\InstanceTextureShader.cpp">
      <Filter>Shader\ShaderRenewal</Filter>
    </ClCompile>
    <ClCompile Include="Shader\RainShader.cpp">
      <Filter>Shader\ShaderRenewal</Filter>
    </ClCompile>
    <ClCompile Include="Shader\SkydomeShader.cpp">
      <Filter>Shader\ShaderRenewal</Filter>
    </ClCompile>
    <ClCompile Include="Shader\SkyplaneShader.cpp">
      <Filter>Shader\ShaderRenewal</Filter>
    </ClCompile>
    <ClCompile Include="Shader\TextureShader.cpp">
      <Filter>Shader\ShaderRenewal</Filter>
    </ClCompile>
    <ClCompile Include="GameMain.cpp" />
    <ClCompile Include="Shader\ShaderManager.cpp">
      <Filter>Shader</Filter>
    </ClCompile>
  </ItemGroup>
  <ItemGroup>
    <ClInclude Include="GameMain.h" />
    <ClInclude Include="System\Keyboard.h">
      <Filter>System</Filter>
    </ClInclude>
    <ClInclude Include="System\Mouse.h">
      <Filter>System</Filter>
    </ClInclude>
    <ClInclude Include="System\Window.h">
      <Filter>System</Filter>
    </ClInclude>
    <ClInclude Include="System\D3D.h">
      <Filter>System</Filter>
    </ClInclude>
    <ClInclude Include="Camera\Camera.h">
      <Filter>Camera</Filter>
    </ClInclude>
    <ClInclude Include="System\Frames.h">
      <Filter>System</Filter>
    </ClInclude>
    <ClInclude Include="System\TweakBar.h">
      <Filter>System</Filter>
    </ClInclude>
    <ClInclude Include="Render\Texture.h">
      <Filter>Render</Filter>
    </ClInclude>
    <ClInclude Include="Render\VertexLayout.h">
      <Filter>Render</Filter>
    </ClInclude>
    <ClInclude Include="Render\UserInterface.h">
      <Filter>Render</Filter>
    </ClInclude>
    <ClInclude Include="Shader\Shader.h">
      <Filter>Shader</Filter>
    </ClInclude>
    <ClInclude Include="Render\Rasterizer.h">
      <Filter>Render</Filter>
    </ClInclude>
    <ClInclude Include="Render\Sampler.h">
      <Filter>Render</Filter>
    </ClInclude>
    <ClInclude Include="Mesh\Mesh.h">
      <Filter>Mesh</Filter>
    </ClInclude>
    <ClInclude Include="Mesh\ObjectMesh.h">
      <Filter>Mesh</Filter>
    </ClInclude>
    <ClInclude Include="Render\RenderTexture.h">
      <Filter>Render</Filter>
    </ClInclude>
    <ClInclude Include="ProceduralTexture\MosaicTile.h">
      <Filter>ProceduralTexture</Filter>
    </ClInclude>
    <ClInclude Include="Render\LightManager.h">
      <Filter>Render</Filter>
    </ClInclude>
    <ClInclude Include="Object\TestCube.h">
      <Filter>Object</Filter>
    </ClInclude>
    <ClInclude Include="Object\TestPlane.h">
      <Filter>Object</Filter>
    </ClInclude>
    <ClInclude Include="Object\Mirror.h">
      <Filter>Object</Filter>
    </ClInclude>
    <ClInclude Include="Object\OrthoWindowPlane.h">
      <Filter>Object</Filter>
    </ClInclude>
    <ClInclude Include="Render\Frustum.h">
      <Filter>Render</Filter>
    </ClInclude>
    <ClInclude Include="Terrain\QuadTree.h">
      <Filter>Terrain</Filter>
    </ClInclude>
    <ClInclude Include="Terrain\Skydome.h">
      <Filter>Terrain</Filter>
    </ClInclude>
    <ClInclude Include="Terrain\Skyplane.h">
      <Filter>Terrain</Filter>
    </ClInclude>
    <ClInclude Include="Terrain\Water.h">
      <Filter>Terrain</Filter>
    </ClInclude>
    <ClInclude Include="Terrain\TerrainGrass.h">
      <Filter>Terrain</Filter>
    </ClInclude>
    <ClInclude Include="ProceduralTexture\GrassTexture.h">
      <Filter>ProceduralTexture</Filter>
    </ClInclude>
    <ClInclude Include="Terrain\Landscape.h">
      <Filter>Terrain</Filter>
    </ClInclude>
    <ClInclude Include="ProceduralTexture\PerlinNoise.h">
      <Filter>ProceduralTexture</Filter>
    </ClInclude>
    <ClInclude Include="Terrain\Cloud.h">
      <Filter>Terrain</Filter>
    </ClInclude>
    <ClInclude Include="Terrain\RainCone.h">
      <Filter>Terrain</Filter>
    </ClInclude>
    <ClInclude Include="Model\Model.h">
      <Filter>Model</Filter>
    </ClInclude>
    <ClInclude Include="Model\ModelAnimation.h">
      <Filter>Model</Filter>
    </ClInclude>
    <ClInclude Include="Model\ModelAnimationController.h">
      <Filter>Model</Filter>
    </ClInclude>
    <ClInclude Include="Model\ModelAnimationKeyFrames.h">
      <Filter>Model</Filter>
    </ClInclude>
    <ClInclude Include="Model\ModelBoneWeights.h">
      <Filter>Model</Filter>
    </ClInclude>
    <ClInclude Include="Model\ModelBuffer.h">
      <Filter>Model</Filter>
    </ClInclude>
    <ClInclude Include="Model\ModelEnums.h">
      <Filter>Model</Filter>
    </ClInclude>
    <ClInclude Include="Model\ModelMaterial.h">
      <Filter>Model</Filter>
    </ClInclude>
    <ClInclude Include="Model\ModelPart.h">
      <Filter>Model</Filter>
    </ClInclude>
    <ClInclude Include="Model\ModelScene.h">
      <Filter>Model</Filter>
    </ClInclude>
    <ClInclude Include="Model\ModelSkeleton.h">
      <Filter>Model</Filter>
    </ClInclude>
    <ClInclude Include="Model\ModelSkeletonBone.h">
      <Filter>Model</Filter>
    </ClInclude>
    <ClInclude Include="Model\ModelUtility.h">
      <Filter>Model</Filter>
    </ClInclude>
    <ClInclude Include="stdafx.h" />
    <ClInclude Include="Utility\BinaryFile.h">
      <Filter>Utility</Filter>
    </ClInclude>
    <ClInclude Include="Utility\BinaryInputOutputHandler.h">
      <Filter>Utility</Filter>
    </ClInclude>
    <ClInclude Include="Utility\String.h">
      <Filter>Utility</Filter>
    </ClInclude>
    <ClInclude Include="Object\Character.h">
      <Filter>Object</Filter>
    </ClInclude>
    <ClInclude Include="Camera\iFallowCamera.h">
      <Filter>Camera</Filter>
    </ClInclude>
    <ClInclude Include="Shader\ShaderBuffer.h">
      <Filter>Shader\Buffers</Filter>
    </ClInclude>
    <ClInclude Include="Shader\TerrainBuffer.h">
      <Filter>Shader\Buffers</Filter>
    </ClInclude>
    <ClInclude Include="Shader\WorldBuffer.h">
      <Filter>Shader\Buffers</Filter>
    </ClInclude>
    <ClInclude Include="Shader\VPBuffer.h">
      <Filter>Shader\Buffers</Filter>
    </ClInclude>
    <ClInclude Include="Shader\TerrainShader.h">
      <Filter>Shader\ShaderRenewal</Filter>
    </ClInclude>
    <ClInclude Include="Shader\WaterBuffer.h">
      <Filter>Shader\Buffers</Filter>
    </ClInclude>
    <ClInclude Include="Shader\BaseBuffer.h">
      <Filter>Shader\Buffers</Filter>
    </ClInclude>
    <ClInclude Include="Shader\WaterShader.h">
      <Filter>Shader\ShaderRenewal</Filter>
    </ClInclude>
    <ClInclude Include="Shader\BlurBuffer.h">
      <Filter>Shader\Buffers</Filter>
    </ClInclude>
    <ClInclude Include="Shader\BlurShader.h">
      <Filter>Shader\ShaderRenewal</Filter>
    </ClInclude>
    <ClInclude Include="Shader\ColorBuffer.h">
      <Filter>Shader\Buffers</Filter>
    </ClInclude>
    <ClInclude Include="Shader\ColorShader.h">
      <Filter>Shader\ShaderRenewal</Filter>
    </ClInclude>
    <ClInclude Include="Shader\FBXModelShader.h">
      <Filter>Shader\ShaderRenewal</Filter>
    </ClInclude>
    <ClInclude Include="Shader\GrassBuffer.h">
      <Filter>Shader\Buffers</Filter>
    </ClInclude>
    <ClInclude Include="Shader\GrassShader.h">
      <Filter>Shader\ShaderRenewal</Filter>
    </ClInclude>
    <ClInclude Include="Shader\DepthShadowShader.h">
      <Filter>Shader\ShaderRenewal</Filter>
    </ClInclude>
    <ClInclude Include="Shader\NormalShaderBuffer.h">
      <Filter>Shader\Buffers</Filter>
    </ClInclude>
    <ClInclude Include="Shader\NormalMapShader.h">
      <Filter>Shader\ShaderRenewal</Filter>
    </ClInclude>
    <ClInclude Include="Shader\ShadowBuffer.h">
      <Filter>Shader\Buffers</Filter>
    </ClInclude>
    <ClInclude Include="Shader\LightViewBuffer.h">
      <Filter>Shader\Buffers</Filter>
    </ClInclude>
    <ClInclude Include="Shader\ShadowShader.h">
      <Filter>Shader\ShaderRenewal</Filter>
    </ClInclude>
    <ClInclude Include="Shader\InstanceTextureShader.h">
      <Filter>Shader\ShaderRenewal</Filter>
    </ClInclude>
    <ClInclude Include="Shader\RainBuffer.h">
      <Filter>Shader\Buffers</Filter>
    </ClInclude>
    <ClInclude Include="Shader\RainShader.h">
      <Filter>Shader\ShaderRenewal</Filter>
    </ClInclude>
    <ClInclude Include="Shader\SkydomeBuffer.h">
      <Filter>Shader\Buffers</Filter>
    </ClInclude>
    <ClInclude Include="Shader\SkydomeShader.h">
      <Filter>Shader\ShaderRenewal</Filter>
    </ClInclude>
    <ClInclude Include="Shader\SkyplaneBuffer.h">
      <Filter>Shader\Buffers</Filter>
    </ClInclude>
    <ClInclude Include="Shader\SkyplaneShader.h">
      <Filter>Shader\ShaderRenewal</Filter>
    </ClInclude>
    <ClInclude Include="Shader\TextureShader.h">
      <Filter>Shader\ShaderRenewal</Filter>
    </ClInclude>
    <ClInclude Include="Shader\ShaderManager.h">
      <Filter>Shader</Filter>
    </ClInclude>
    <ClInclude Include="Render\Renderer.h">
      <Filter>Render</Filter>
    </ClInclude>
  </ItemGroup>
  <ItemGroup>
    <Filter Include="System">
      <UniqueIdentifier>{3f558f45-a2b3-429d-8250-d5d352d69585}</UniqueIdentifier>
    </Filter>
    <Filter Include="Camera">
      <UniqueIdentifier>{0736847a-2512-428d-a0ba-f0b6d4583055}</UniqueIdentifier>
    </Filter>
    <Filter Include="Render">
      <UniqueIdentifier>{25457864-9887-4cb1-809d-4f1243c8c952}</UniqueIdentifier>
    </Filter>
    <Filter Include="Mesh">
      <UniqueIdentifier>{a788f370-b405-435f-862b-ba835acd0020}</UniqueIdentifier>
    </Filter>
    <Filter Include="Shader">
      <UniqueIdentifier>{55ca23e0-d999-4a31-a218-2e166de4f1b6}</UniqueIdentifier>
    </Filter>
    <Filter Include="ProceduralTexture">
      <UniqueIdentifier>{073f2afb-1241-4f9a-a8a1-c98ee22134b1}</UniqueIdentifier>
    </Filter>
    <Filter Include="Object">
      <UniqueIdentifier>{a63c572a-ace9-47d6-99b9-2989996ca2c5}</UniqueIdentifier>
    </Filter>
    <Filter Include="Terrain">
      <UniqueIdentifier>{f735152f-a932-4153-86a6-c07d550df435}</UniqueIdentifier>
    </Filter>
    <Filter Include="Model">
      <UniqueIdentifier>{fe90afe0-7796-45fd-9626-0ea7aefdb044}</UniqueIdentifier>
    </Filter>
    <Filter Include="Utility">
      <UniqueIdentifier>{396c9709-56b0-4eb0-a69d-18929b6e0ff7}</UniqueIdentifier>
    </Filter>
    <Filter Include="FX">
      <UniqueIdentifier>{caf5405c-847a-4e3d-85bb-567eb1844735}</UniqueIdentifier>
    </Filter>
    <Filter Include="Shader\Buffers">
      <UniqueIdentifier>{55de613b-74c9-4327-9e91-08230fb6ad24}</UniqueIdentifier>
    </Filter>
    <Filter Include="Shader\ShaderRenewal">
      <UniqueIdentifier>{76f10240-792b-4bd4-9f6d-9cf4a506f62b}</UniqueIdentifier>
    </Filter>
  </ItemGroup>
  <ItemGroup>
    <None Include="Mesh\Mesh.fx">
      <Filter>Mesh</Filter>
    </None>
    <None Include="Shader\FX\BaseTile.fx">
      <Filter>FX</Filter>
    </None>
    <None Include="Shader\FX\CreateTangentMap.fx">
      <Filter>FX</Filter>
    </None>
    <None Include="Shader\FX\directionalWarp.fx">
      <Filter>FX</Filter>
    </None>
    <None Include="Shader\FX\DrawPatternInTile.fx">
      <Filter>FX</Filter>
    </None>
    <None Include="Shader\FX\finalDraw.fx">
      <Filter>FX</Filter>
    </None>
    <None Include="Shader\FX\midPointGrad.fx">
      <Filter>FX</Filter>
    </None>
    <None Include="Shader\FX\NormalMap.fx">
      <Filter>FX</Filter>
    </None>
    <None Include="Shader\FX\randomSRT.fx">
      <Filter>FX</Filter>
    </None>
    <None Include="Shader\FX\randomSRTInstance.fx">
      <Filter>FX</Filter>
    </None>
    <None Include="Shader\FX\singleGrass.fx">
      <Filter>FX</Filter>
    </None>
    <None Include="Shader\FX\SquarePattern.fx">
      <Filter>FX</Filter>
    </None>
    <None Include="Shader\FX\UIShader.fx">
      <Filter>FX</Filter>
    </None>
    <None Include="Shader\FX\Skydome.fx">
      <Filter>FX</Filter>
    </None>
    <None Include="Shader\FX\LightDepthShader.fx">
      <Filter>FX</Filter>
    </None>
    <None Include="Shader\FX\Shadow.fx">
      <Filter>FX</Filter>
    </None>
    <None Include="Shader\FX\BlurShader.fx">
      <Filter>FX</Filter>
    </None>
    <None Include="Shader\FX\MirrorShader.fx">
      <Filter>FX</Filter>
    </None>
    <None Include="Shader\FX\TextureShader.fx">
      <Filter>FX</Filter>
    </None>
    <None Include="Shader\FX\ColorShader.fx">
      <Filter>FX</Filter>
    </None>
    <None Include="Shader\FX\WaterShader.fx">
      <Filter>FX</Filter>
    </None>
    <None Include="Shader\FX\Terrain.fx">
      <Filter>FX</Filter>
    </None>
    <None Include="Shader\FX\InstanceTextureShader.fx">
      <Filter>FX</Filter>
    </None>
    <None Include="Shader\FX\perlin.fx">
      <Filter>FX</Filter>
    </None>
    <None Include="Shader\FX\3dPerlin.fx">
      <Filter>FX</Filter>
    </None>
    <None Include="Shader\FX\RainShader.fx">
      <Filter>FX</Filter>
    </None>
    <None Include="Shader\FX\GrassShader.fx">
      <Filter>FX</Filter>
    </None>
    <None Include="Shader\FX\FBXModelShader.fx">
      <Filter>FX</Filter>
    </None>
    <None Include="Shader\FX\TerrainShader.fx">
      <Filter>FX</Filter>
    </None>
    <None Include="Shader\FX\SkyplaneShader.fx">
      <Filter>Shader\ShaderRenewal</Filter>
    </None>
    <None Include="Shader\FX\WVPMatrix.hlsli">
      <Filter>FX</Filter>
    </None>
  </ItemGroup>
</Project>